// !$*UTF8*$!
{
	archiveVersion = 1;
	classes = {
	};
	objectVersion = 46;
	objects = {

/* Begin PBXGroup section */
		53C42A7A18FD2AEE000B0653 = {
			isa = PBXGroup;
			children = (
			);
			sourceTree = "<group>";
		};
/* End PBXGroup section */

/* Begin PBXProject section */
		53C42A7B18FD2AEE000B0653 /* Project object */ = {
			isa = PBXProject;
			attributes = {
				LastUpgradeCheck = 0510;
			};
			buildConfigurationList = 53C42A7E18FD2AEE000B0653 /* Build configuration list for PBXProject "PocketDungeon" */;
			compatibilityVersion = "Xcode 3.2";
			developmentRegion = English;
			hasScannedForEncodings = 0;
			knownRegions = (
				en,
			);
			mainGroup = 53C42A7A18FD2AEE000B0653;
			projectDirPath = "";
			projectRoot = "";
			targets = (
			);
		};
/* End PBXProject section */

/* Begin XCBuildConfiguration section */
		53C42A7F18FD2AEE000B0653 /* Debug */ = {
			isa = XCBuildConfiguration;
			buildSettings = {
			};
			name = Debug;
		};
		53C42A8018FD2AEE000B0653 /* Release */ = {
			isa = XCBuildConfiguration;
			buildSettings = {
			};
			name = Release;
		};
/* End XCBuildConfiguration section */

/* Begin XCConfigurationList section */
		53C42A7E18FD2AEE000B0653 /* Build configuration list for PBXProject "PocketDungeon" */ = {
			isa = XCConfigurationList;
			buildConfigurations = (
				53C42A7F18FD2AEE000B0653 /* Debug */,
				53C42A8018FD2AEE000B0653 /* Release */,
			);
			defaultConfigurationIsVisible = 0;
			defaultConfigurationName = Release;
		};
/* End XCConfigurationList section */
	};
	rootObject = 53C42A7B18FD2AEE000B0653 /* Project object */;
}
